// !$*UTF8*$!
{
	archiveVersion = 1;
	classes = {
	};
	objectVersion = 50;
	objects = {

/* Begin PBXBuildFile section */
		C40BAE6D22E6E5E500885A9D /* AppDelegate.m in Sources */ = {isa = PBXBuildFile; fileRef = C40BAE6C22E6E5E500885A9D /* AppDelegate.m */; };
		C40BAE7022E6E5E500885A9D /* ViewController.m in Sources */ = {isa = PBXBuildFile; fileRef = C40BAE6F22E6E5E500885A9D /* ViewController.m */; };
		C40BAE7322E6E5E500885A9D /* Main.storyboard in Resources */ = {isa = PBXBuildFile; fileRef = C40BAE7122E6E5E500885A9D /* Main.storyboard */; };
		C40BAE7522E6E5E600885A9D /* Assets.xcassets in Resources */ = {isa = PBXBuildFile; fileRef = C40BAE7422E6E5E600885A9D /* Assets.xcassets */; };
		C40BAE7822E6E5E600885A9D /* LaunchScreen.storyboard in Resources */ = {isa = PBXBuildFile; fileRef = C40BAE7622E6E5E600885A9D /* LaunchScreen.storyboard */; };
		C40BAE7B22E6E5E600885A9D /* main.m in Sources */ = {isa = PBXBuildFile; fileRef = C40BAE7A22E6E5E600885A9D /* main.m */; };
		C40BAFE822E6E62C00885A9D /* ASTUtil.m in Sources */ = {isa = PBXBuildFile; fileRef = C40BAFDA22E6E62C00885A9D /* ASTUtil.m */; };
		C40BAFE922E6E62C00885A9D /* ASTUtil.m in Sources */ = {isa = PBXBuildFile; fileRef = C40BAFDA22E6E62C00885A9D /* ASTUtil.m */; };
		C40BAFEA22E6E62C00885A9D /* ASTPropertyNode.m in Sources */ = {isa = PBXBuildFile; fileRef = C40BAFDD22E6E62C00885A9D /* ASTPropertyNode.m */; };
		C40BAFEB22E6E62C00885A9D /* ASTPropertyNode.m in Sources */ = {isa = PBXBuildFile; fileRef = C40BAFDD22E6E62C00885A9D /* ASTPropertyNode.m */; };
		C40BAFEC22E6E62C00885A9D /* ASTContext.m in Sources */ = {isa = PBXBuildFile; fileRef = C40BAFDE22E6E62C00885A9D /* ASTContext.m */; };
		C40BAFED22E6E62C00885A9D /* ASTContext.m in Sources */ = {isa = PBXBuildFile; fileRef = C40BAFDE22E6E62C00885A9D /* ASTContext.m */; };
		C40BAFEE22E6E62C00885A9D /* ASTNode.m in Sources */ = {isa = PBXBuildFile; fileRef = C40BAFE022E6E62C00885A9D /* ASTNode.m */; };
		C40BAFEF22E6E62C00885A9D /* ASTNode.m in Sources */ = {isa = PBXBuildFile; fileRef = C40BAFE022E6E62C00885A9D /* ASTNode.m */; };
		C40BAFF022E6E62C00885A9D /* ASTCallMethod.m in Sources */ = {isa = PBXBuildFile; fileRef = C40BAFE322E6E62C00885A9D /* ASTCallMethod.m */; };
		C40BAFF122E6E62C00885A9D /* ASTCallMethod.m in Sources */ = {isa = PBXBuildFile; fileRef = C40BAFE322E6E62C00885A9D /* ASTCallMethod.m */; };
		C40BAFF222E6E62C00885A9D /* ASTVariable.m in Sources */ = {isa = PBXBuildFile; fileRef = C40BAFE422E6E62C00885A9D /* ASTVariable.m */; };
		C40BAFF322E6E62C00885A9D /* ASTVariable.m in Sources */ = {isa = PBXBuildFile; fileRef = C40BAFE422E6E62C00885A9D /* ASTVariable.m */; };
		C40BB0DB22E6E63D00885A9D /* OCMethodSignature.m in Sources */ = {isa = PBXBuildFile; fileRef = C40BAFF922E6E63C00885A9D /* OCMethodSignature.m */; };
		C40BB0DC22E6E63D00885A9D /* OCMethodSignature.m in Sources */ = {isa = PBXBuildFile; fileRef = C40BAFF922E6E63C00885A9D /* OCMethodSignature.m */; };
		C40BB19722E6E63D00885A9D /* NSValue+struct.m in Sources */ = {isa = PBXBuildFile; fileRef = C40BB0C422E6E63D00885A9D /* NSValue+struct.m */; };
		C40BB19822E6E63D00885A9D /* NSValue+struct.m in Sources */ = {isa = PBXBuildFile; fileRef = C40BB0C422E6E63D00885A9D /* NSValue+struct.m */; };
		C40BB19B22E6E63D00885A9D /* OCCFuntionWrapper.m in Sources */ = {isa = PBXBuildFile; fileRef = C40BB0CA22E6E63D00885A9D /* OCCFuntionWrapper.m */; };
		C40BB19C22E6E63D00885A9D /* OCCFuntionWrapper.m in Sources */ = {isa = PBXBuildFile; fileRef = C40BB0CA22E6E63D00885A9D /* OCCFuntionWrapper.m */; };
		C40BB19D22E6E63D00885A9D /* Aspects.m in Sources */ = {isa = PBXBuildFile; fileRef = C40BB0CB22E6E63D00885A9D /* Aspects.m */; };
		C40BB19E22E6E63D00885A9D /* Aspects.m in Sources */ = {isa = PBXBuildFile; fileRef = C40BB0CB22E6E63D00885A9D /* Aspects.m */; };
		C40BB19F22E6E63D00885A9D /* OCCfuntionHelper.m in Sources */ = {isa = PBXBuildFile; fileRef = C40BB0CC22E6E63D00885A9D /* OCCfuntionHelper.m */; };
		C40BB1A022E6E63D00885A9D /* OCCfuntionHelper.m in Sources */ = {isa = PBXBuildFile; fileRef = C40BB0CC22E6E63D00885A9D /* OCCfuntionHelper.m */; };
		C40BB1AA22E6E64700885A9D /* parser.ym in Sources */ = {isa = PBXBuildFile; fileRef = C40BB1A522E6E64700885A9D /* parser.ym */; };
		C40BB1AB22E6E64700885A9D /* parser.ym in Sources */ = {isa = PBXBuildFile; fileRef = C40BB1A522E6E64700885A9D /* parser.ym */; };
		C40BB1AE22E6E64700885A9D /* tokenizer.lm in Sources */ = {isa = PBXBuildFile; fileRef = C40BB1A722E6E64700885A9D /* tokenizer.lm */; };
		C40BB1AF22E6E64700885A9D /* tokenizer.lm in Sources */ = {isa = PBXBuildFile; fileRef = C40BB1A722E6E64700885A9D /* tokenizer.lm */; };
		C40BB1B122E6E6EE00885A9D /* CallCFunctionTest.m in Sources */ = {isa = PBXBuildFile; fileRef = C40BB1B022E6E6EE00885A9D /* CallCFunctionTest.m */; };
		C40BB1B322E6EAC200885A9D /* CallOCFunctionTest.m in Sources */ = {isa = PBXBuildFile; fileRef = C40BB1B222E6EAC200885A9D /* CallOCFunctionTest.m */; };
		C40BB1B522E6EB6400885A9D /* OCIfControlTest.m in Sources */ = {isa = PBXBuildFile; fileRef = C40BB1B422E6EB6400885A9D /* OCIfControlTest.m */; };
		C40BB1B722E711E900885A9D /* OCWhileControlTest.m in Sources */ = {isa = PBXBuildFile; fileRef = C40BB1B622E711E900885A9D /* OCWhileControlTest.m */; };
		C40BB1B922E7F18F00885A9D /* OCPropertyTest.m in Sources */ = {isa = PBXBuildFile; fileRef = C40BB1B822E7F18F00885A9D /* OCPropertyTest.m */; };
		C40BB1C222E8048D00885A9D /* ASTMethodNode.m in Sources */ = {isa = PBXBuildFile; fileRef = C40BB1C122E8048D00885A9D /* ASTMethodNode.m */; };
		C40BB1C322E8048D00885A9D /* ASTMethodNode.m in Sources */ = {isa = PBXBuildFile; fileRef = C40BB1C122E8048D00885A9D /* ASTMethodNode.m */; };
		C4D51D3722EB072C009FEAEA /* OCBlockTest.m in Sources */ = {isa = PBXBuildFile; fileRef = C4D51D3622EB072C009FEAEA /* OCBlockTest.m */; };
		C4FD4B0A22EE94810071652D /* DynamicOC.m in Sources */ = {isa = PBXBuildFile; fileRef = C4FD4B0922EE94810071652D /* DynamicOC.m */; };
		C4FD4B0D22EECCAA0071652D /* OCExtension.m in Sources */ = {isa = PBXBuildFile; fileRef = C4FD4B0C22EECCAA0071652D /* OCExtension.m */; };
		C4FD4B0E22EECCAA0071652D /* OCExtension.m in Sources */ = {isa = PBXBuildFile; fileRef = C4FD4B0C22EECCAA0071652D /* OCExtension.m */; };
		C4FD4B1322F015270071652D /* libffi.a in Frameworks */ = {isa = PBXBuildFile; fileRef = C40BB0D622E6E63D00885A9D /* libffi.a */; };
		C4FD4B1422F0153E0071652D /* libffi.a in Frameworks */ = {isa = PBXBuildFile; fileRef = C40BB0D622E6E63D00885A9D /* libffi.a */; };
		E266C65422EC518500E3CB78 /* ASTBlockNode.m in Sources */ = {isa = PBXBuildFile; fileRef = E266C65322EC518500E3CB78 /* ASTBlockNode.m */; };
		E266C65522EC518500E3CB78 /* ASTBlockNode.m in Sources */ = {isa = PBXBuildFile; fileRef = E266C65322EC518500E3CB78 /* ASTBlockNode.m */; };
		E266C65822EC5A3600E3CB78 /* ASTType.m in Sources */ = {isa = PBXBuildFile; fileRef = E266C65722EC5A3600E3CB78 /* ASTType.m */; };
		E266C65922EC5A3600E3CB78 /* ASTType.m in Sources */ = {isa = PBXBuildFile; fileRef = E266C65722EC5A3600E3CB78 /* ASTType.m */; };
		E266C65C22ED47AA00E3CB78 /* OCBlockWrapper.m in Sources */ = {isa = PBXBuildFile; fileRef = E266C65B22ED47AA00E3CB78 /* OCBlockWrapper.m */; };
		E266C65D22ED47AA00E3CB78 /* OCBlockWrapper.m in Sources */ = {isa = PBXBuildFile; fileRef = E266C65B22ED47AA00E3CB78 /* OCBlockWrapper.m */; };
		E289986A22E73D6C00811B14 /* OCForControlTest.m in Sources */ = {isa = PBXBuildFile; fileRef = E289986922E73D6C00811B14 /* OCForControlTest.m */; };
		E289986C22E741D000811B14 /* ArithmeticTest.m in Sources */ = {isa = PBXBuildFile; fileRef = E289986B22E741D000811B14 /* ArithmeticTest.m */; };
		E289986E22E745A300811B14 /* UnaryOperationTest.m in Sources */ = {isa = PBXBuildFile; fileRef = E289986D22E745A300811B14 /* UnaryOperationTest.m */; };
		E2A257CD22EA7B1B002CE431 /* OCContainerTest.m in Sources */ = {isa = PBXBuildFile; fileRef = E2A257CC22EA7B1B002CE431 /* OCContainerTest.m */; };
/* End PBXBuildFile section */

/* Begin PBXContainerItemProxy section */
		C40BAE8122E6E5E600885A9D /* PBXContainerItemProxy */ = {
			isa = PBXContainerItemProxy;
			containerPortal = C40BAE6022E6E5E500885A9D /* Project object */;
			proxyType = 1;
			remoteGlobalIDString = C40BAE6722E6E5E500885A9D;
			remoteInfo = DynamicOC;
		};
/* End PBXContainerItemProxy section */

/* Begin PBXFileReference section */
		C40BAE6822E6E5E500885A9D /* DynamicOC.app */ = {isa = PBXFileReference; explicitFileType = wrapper.application; includeInIndex = 0; path = DynamicOC.app; sourceTree = BUILT_PRODUCTS_DIR; };
		C40BAE6B22E6E5E500885A9D /* AppDelegate.h */ = {isa = PBXFileReference; lastKnownFileType = sourcecode.c.h; path = AppDelegate.h; sourceTree = "<group>"; };
		C40BAE6C22E6E5E500885A9D /* AppDelegate.m */ = {isa = PBXFileReference; lastKnownFileType = sourcecode.c.objc; path = AppDelegate.m; sourceTree = "<group>"; };
		C40BAE6E22E6E5E500885A9D /* ViewController.h */ = {isa = PBXFileReference; lastKnownFileType = sourcecode.c.h; path = ViewController.h; sourceTree = "<group>"; };
		C40BAE6F22E6E5E500885A9D /* ViewController.m */ = {isa = PBXFileReference; lastKnownFileType = sourcecode.c.objc; path = ViewController.m; sourceTree = "<group>"; };
		C40BAE7222E6E5E500885A9D /* Base */ = {isa = PBXFileReference; lastKnownFileType = file.storyboard; name = Base; path = Base.lproj/Main.storyboard; sourceTree = "<group>"; };
		C40BAE7422E6E5E600885A9D /* Assets.xcassets */ = {isa = PBXFileReference; lastKnownFileType = folder.assetcatalog; path = Assets.xcassets; sourceTree = "<group>"; };
		C40BAE7722E6E5E600885A9D /* Base */ = {isa = PBXFileReference; lastKnownFileType = file.storyboard; name = Base; path = Base.lproj/LaunchScreen.storyboard; sourceTree = "<group>"; };
		C40BAE7922E6E5E600885A9D /* Info.plist */ = {isa = PBXFileReference; lastKnownFileType = text.plist.xml; path = Info.plist; sourceTree = "<group>"; };
		C40BAE7A22E6E5E600885A9D /* main.m */ = {isa = PBXFileReference; lastKnownFileType = sourcecode.c.objc; path = main.m; sourceTree = "<group>"; };
		C40BAE8022E6E5E600885A9D /* DynamicOCUITests.xctest */ = {isa = PBXFileReference; explicitFileType = wrapper.cfbundle; includeInIndex = 0; path = DynamicOCUITests.xctest; sourceTree = BUILT_PRODUCTS_DIR; };
		C40BAE8622E6E5E600885A9D /* Info.plist */ = {isa = PBXFileReference; lastKnownFileType = text.plist.xml; path = Info.plist; sourceTree = "<group>"; };
		C40BAFDA22E6E62C00885A9D /* ASTUtil.m */ = {isa = PBXFileReference; fileEncoding = 4; lastKnownFileType = sourcecode.c.objc; path = ASTUtil.m; sourceTree = "<group>"; };
		C40BAFDB22E6E62C00885A9D /* ASTContext.h */ = {isa = PBXFileReference; fileEncoding = 4; lastKnownFileType = sourcecode.c.h; path = ASTContext.h; sourceTree = "<group>"; };
		C40BAFDC22E6E62C00885A9D /* ASTNode.h */ = {isa = PBXFileReference; fileEncoding = 4; lastKnownFileType = sourcecode.c.h; path = ASTNode.h; sourceTree = "<group>"; };
		C40BAFDD22E6E62C00885A9D /* ASTPropertyNode.m */ = {isa = PBXFileReference; fileEncoding = 4; lastKnownFileType = sourcecode.c.objc; path = ASTPropertyNode.m; sourceTree = "<group>"; };
		C40BAFDE22E6E62C00885A9D /* ASTContext.m */ = {isa = PBXFileReference; fileEncoding = 4; lastKnownFileType = sourcecode.c.objc; path = ASTContext.m; sourceTree = "<group>"; };
		C40BAFDF22E6E62C00885A9D /* ASTUtil.h */ = {isa = PBXFileReference; fileEncoding = 4; lastKnownFileType = sourcecode.c.h; path = ASTUtil.h; sourceTree = "<group>"; };
		C40BAFE022E6E62C00885A9D /* ASTNode.m */ = {isa = PBXFileReference; fileEncoding = 4; lastKnownFileType = sourcecode.c.objc; path = ASTNode.m; sourceTree = "<group>"; };
		C40BAFE222E6E62C00885A9D /* ASTVariable.h */ = {isa = PBXFileReference; fileEncoding = 4; lastKnownFileType = sourcecode.c.h; path = ASTVariable.h; sourceTree = "<group>"; };
		C40BAFE322E6E62C00885A9D /* ASTCallMethod.m */ = {isa = PBXFileReference; fileEncoding = 4; lastKnownFileType = sourcecode.c.objc; path = ASTCallMethod.m; sourceTree = "<group>"; };
		C40BAFE422E6E62C00885A9D /* ASTVariable.m */ = {isa = PBXFileReference; fileEncoding = 4; lastKnownFileType = sourcecode.c.objc; path = ASTVariable.m; sourceTree = "<group>"; };
		C40BAFE522E6E62C00885A9D /* ASTCallMethod.h */ = {isa = PBXFileReference; fileEncoding = 4; lastKnownFileType = sourcecode.c.h; path = ASTCallMethod.h; sourceTree = "<group>"; };
		C40BAFE622E6E62C00885A9D /* ASTPropertyNode.h */ = {isa = PBXFileReference; fileEncoding = 4; lastKnownFileType = sourcecode.c.h; path = ASTPropertyNode.h; sourceTree = "<group>"; };
		C40BAFE722E6E62C00885A9D /* ASTHeader.h */ = {isa = PBXFileReference; fileEncoding = 4; lastKnownFileType = sourcecode.c.h; path = ASTHeader.h; sourceTree = "<group>"; };
		C40BAFF622E6E63C00885A9D /* OCMethodSignature.h */ = {isa = PBXFileReference; fileEncoding = 4; lastKnownFileType = sourcecode.c.h; path = OCMethodSignature.h; sourceTree = "<group>"; };
		C40BAFF922E6E63C00885A9D /* OCMethodSignature.m */ = {isa = PBXFileReference; fileEncoding = 4; lastKnownFileType = sourcecode.c.objc; path = OCMethodSignature.m; sourceTree = "<group>"; };
		C40BB0C322E6E63D00885A9D /* OCCFuntionWrapper.h */ = {isa = PBXFileReference; fileEncoding = 4; lastKnownFileType = sourcecode.c.h; path = OCCFuntionWrapper.h; sourceTree = "<group>"; };
		C40BB0C422E6E63D00885A9D /* NSValue+struct.m */ = {isa = PBXFileReference; fileEncoding = 4; lastKnownFileType = sourcecode.c.objc; path = "NSValue+struct.m"; sourceTree = "<group>"; };
		C40BB0C622E6E63D00885A9D /* OCCfuntionHelper.h */ = {isa = PBXFileReference; fileEncoding = 4; lastKnownFileType = sourcecode.c.h; path = OCCfuntionHelper.h; sourceTree = "<group>"; };
		C40BB0C722E6E63D00885A9D /* Aspects.h */ = {isa = PBXFileReference; fileEncoding = 4; lastKnownFileType = sourcecode.c.h; path = Aspects.h; sourceTree = "<group>"; };
		C40BB0C922E6E63D00885A9D /* NSValue+struct.h */ = {isa = PBXFileReference; fileEncoding = 4; lastKnownFileType = sourcecode.c.h; path = "NSValue+struct.h"; sourceTree = "<group>"; };
		C40BB0CA22E6E63D00885A9D /* OCCFuntionWrapper.m */ = {isa = PBXFileReference; fileEncoding = 4; lastKnownFileType = sourcecode.c.objc; path = OCCFuntionWrapper.m; sourceTree = "<group>"; };
		C40BB0CB22E6E63D00885A9D /* Aspects.m */ = {isa = PBXFileReference; fileEncoding = 4; lastKnownFileType = sourcecode.c.objc; path = Aspects.m; sourceTree = "<group>"; };
		C40BB0CC22E6E63D00885A9D /* OCCfuntionHelper.m */ = {isa = PBXFileReference; fileEncoding = 4; lastKnownFileType = sourcecode.c.objc; path = OCCfuntionHelper.m; sourceTree = "<group>"; };
		C40BB0CE22E6E63D00885A9D /* ffitarget_arm64.h */ = {isa = PBXFileReference; fileEncoding = 4; lastKnownFileType = sourcecode.c.h; path = ffitarget_arm64.h; sourceTree = "<group>"; };
		C40BB0CF22E6E63D00885A9D /* ffitarget.h */ = {isa = PBXFileReference; fileEncoding = 4; lastKnownFileType = sourcecode.c.h; path = ffitarget.h; sourceTree = "<group>"; };
		C40BB0D022E6E63D00885A9D /* ffi_arm.h */ = {isa = PBXFileReference; fileEncoding = 4; lastKnownFileType = sourcecode.c.h; path = ffi_arm.h; sourceTree = "<group>"; };
		C40BB0D122E6E63D00885A9D /* ffi_i386.h */ = {isa = PBXFileReference; fileEncoding = 4; lastKnownFileType = sourcecode.c.h; path = ffi_i386.h; sourceTree = "<group>"; };
		C40BB0D222E6E63D00885A9D /* ffitarget_x86_64.h */ = {isa = PBXFileReference; fileEncoding = 4; lastKnownFileType = sourcecode.c.h; path = ffitarget_x86_64.h; sourceTree = "<group>"; };
		C40BB0D322E6E63D00885A9D /* ffi_x86_64.h */ = {isa = PBXFileReference; fileEncoding = 4; lastKnownFileType = sourcecode.c.h; path = ffi_x86_64.h; sourceTree = "<group>"; };
		C40BB0D422E6E63D00885A9D /* ffitarget_arm.h */ = {isa = PBXFileReference; fileEncoding = 4; lastKnownFileType = sourcecode.c.h; path = ffitarget_arm.h; sourceTree = "<group>"; };
		C40BB0D522E6E63D00885A9D /* ffitarget_i386.h */ = {isa = PBXFileReference; fileEncoding = 4; lastKnownFileType = sourcecode.c.h; path = ffitarget_i386.h; sourceTree = "<group>"; };
		C40BB0D622E6E63D00885A9D /* libffi.a */ = {isa = PBXFileReference; lastKnownFileType = archive.ar; path = libffi.a; sourceTree = "<group>"; };
		C40BB0D722E6E63D00885A9D /* ffi.h */ = {isa = PBXFileReference; fileEncoding = 4; lastKnownFileType = sourcecode.c.h; path = ffi.h; sourceTree = "<group>"; };
		C40BB0D822E6E63D00885A9D /* ffi_arm64.h */ = {isa = PBXFileReference; fileEncoding = 4; lastKnownFileType = sourcecode.c.h; path = ffi_arm64.h; sourceTree = "<group>"; };
		C40BB1A522E6E64700885A9D /* parser.ym */ = {isa = PBXFileReference; fileEncoding = 4; lastKnownFileType = sourcecode.yacc; path = parser.ym; sourceTree = "<group>"; };
		C40BB1A722E6E64700885A9D /* tokenizer.lm */ = {isa = PBXFileReference; fileEncoding = 4; lastKnownFileType = sourcecode.lex; path = tokenizer.lm; sourceTree = "<group>"; };
		C40BB1B022E6E6EE00885A9D /* CallCFunctionTest.m */ = {isa = PBXFileReference; lastKnownFileType = sourcecode.c.objc; path = CallCFunctionTest.m; sourceTree = "<group>"; };
		C40BB1B222E6EAC200885A9D /* CallOCFunctionTest.m */ = {isa = PBXFileReference; lastKnownFileType = sourcecode.c.objc; path = CallOCFunctionTest.m; sourceTree = "<group>"; };
		C40BB1B422E6EB6400885A9D /* OCIfControlTest.m */ = {isa = PBXFileReference; lastKnownFileType = sourcecode.c.objc; path = OCIfControlTest.m; sourceTree = "<group>"; };
		C40BB1B622E711E900885A9D /* OCWhileControlTest.m */ = {isa = PBXFileReference; lastKnownFileType = sourcecode.c.objc; path = OCWhileControlTest.m; sourceTree = "<group>"; };
		C40BB1B822E7F18F00885A9D /* OCPropertyTest.m */ = {isa = PBXFileReference; lastKnownFileType = sourcecode.c.objc; path = OCPropertyTest.m; sourceTree = "<group>"; };
		C40BB1C022E8048D00885A9D /* ASTMethodNode.h */ = {isa = PBXFileReference; lastKnownFileType = sourcecode.c.h; path = ASTMethodNode.h; sourceTree = "<group>"; };
		C40BB1C122E8048D00885A9D /* ASTMethodNode.m */ = {isa = PBXFileReference; lastKnownFileType = sourcecode.c.objc; path = ASTMethodNode.m; sourceTree = "<group>"; };
		C4D51D3622EB072C009FEAEA /* OCBlockTest.m */ = {isa = PBXFileReference; lastKnownFileType = sourcecode.c.objc; path = OCBlockTest.m; sourceTree = "<group>"; };
		C4FD4B0822EE94810071652D /* DynamicOC.h */ = {isa = PBXFileReference; lastKnownFileType = sourcecode.c.h; path = DynamicOC.h; sourceTree = "<group>"; };
		C4FD4B0922EE94810071652D /* DynamicOC.m */ = {isa = PBXFileReference; lastKnownFileType = sourcecode.c.objc; path = DynamicOC.m; sourceTree = "<group>"; };
		C4FD4B0B22EECCA90071652D /* OCExtension.h */ = {isa = PBXFileReference; fileEncoding = 4; lastKnownFileType = sourcecode.c.h; path = OCExtension.h; sourceTree = "<group>"; };
		C4FD4B0C22EECCAA0071652D /* OCExtension.m */ = {isa = PBXFileReference; fileEncoding = 4; lastKnownFileType = sourcecode.c.objc; path = OCExtension.m; sourceTree = "<group>"; };
		E266C65222EC518500E3CB78 /* ASTBlockNode.h */ = {isa = PBXFileReference; lastKnownFileType = sourcecode.c.h; path = ASTBlockNode.h; sourceTree = "<group>"; };
		E266C65322EC518500E3CB78 /* ASTBlockNode.m */ = {isa = PBXFileReference; lastKnownFileType = sourcecode.c.objc; path = ASTBlockNode.m; sourceTree = "<group>"; };
		E266C65622EC5A3600E3CB78 /* ASTType.h */ = {isa = PBXFileReference; lastKnownFileType = sourcecode.c.h; path = ASTType.h; sourceTree = "<group>"; };
		E266C65722EC5A3600E3CB78 /* ASTType.m */ = {isa = PBXFileReference; lastKnownFileType = sourcecode.c.objc; path = ASTType.m; sourceTree = "<group>"; };
		E266C65A22ED47AA00E3CB78 /* OCBlockWrapper.h */ = {isa = PBXFileReference; fileEncoding = 4; lastKnownFileType = sourcecode.c.h; path = OCBlockWrapper.h; sourceTree = "<group>"; };
		E266C65B22ED47AA00E3CB78 /* OCBlockWrapper.m */ = {isa = PBXFileReference; fileEncoding = 4; lastKnownFileType = sourcecode.c.objc; path = OCBlockWrapper.m; sourceTree = "<group>"; };
		E289986922E73D6C00811B14 /* OCForControlTest.m */ = {isa = PBXFileReference; lastKnownFileType = sourcecode.c.objc; path = OCForControlTest.m; sourceTree = "<group>"; };
		E289986B22E741D000811B14 /* ArithmeticTest.m */ = {isa = PBXFileReference; lastKnownFileType = sourcecode.c.objc; path = ArithmeticTest.m; sourceTree = "<group>"; };
		E289986D22E745A300811B14 /* UnaryOperationTest.m */ = {isa = PBXFileReference; lastKnownFileType = sourcecode.c.objc; path = UnaryOperationTest.m; sourceTree = "<group>"; };
		E2A257CC22EA7B1B002CE431 /* OCContainerTest.m */ = {isa = PBXFileReference; lastKnownFileType = sourcecode.c.objc; path = OCContainerTest.m; sourceTree = "<group>"; };
/* End PBXFileReference section */

/* Begin PBXFrameworksBuildPhase section */
		C40BAE6522E6E5E500885A9D /* Frameworks */ = {
			isa = PBXFrameworksBuildPhase;
			buildActionMask = 2147483647;
			files = (
				C4FD4B1322F015270071652D /* libffi.a in Frameworks */,
			);
			runOnlyForDeploymentPostprocessing = 0;
		};
		C40BAE7D22E6E5E600885A9D /* Frameworks */ = {
			isa = PBXFrameworksBuildPhase;
			buildActionMask = 2147483647;
			files = (
				C4FD4B1422F0153E0071652D /* libffi.a in Frameworks */,
			);
			runOnlyForDeploymentPostprocessing = 0;
		};
/* End PBXFrameworksBuildPhase section */

/* Begin PBXGroup section */
		C40BAE5F22E6E5E500885A9D = {
			isa = PBXGroup;
			children = (
				C40BAE6A22E6E5E500885A9D /* DynamicOC */,
				C40BAE8322E6E5E600885A9D /* DynamicOCUITests */,
				C40BAE6922E6E5E500885A9D /* Products */,
				C4FD4B1122EFEED90071652D /* Frameworks */,
			);
			sourceTree = "<group>";
		};
		C40BAE6922E6E5E500885A9D /* Products */ = {
			isa = PBXGroup;
			children = (
				C40BAE6822E6E5E500885A9D /* DynamicOC.app */,
				C40BAE8022E6E5E600885A9D /* DynamicOCUITests.xctest */,
			);
			name = Products;
			sourceTree = "<group>";
		};
		C40BAE6A22E6E5E500885A9D /* DynamicOC */ = {
			isa = PBXGroup;
			children = (
				C40BB1A322E6E64700885A9D /* Parser */,
				C40BAFF422E6E63C00885A9D /* Vendor */,
				C40BAFD922E6E62C00885A9D /* Class */,
				C40BAE6B22E6E5E500885A9D /* AppDelegate.h */,
				C40BAE6C22E6E5E500885A9D /* AppDelegate.m */,
				C40BAE6E22E6E5E500885A9D /* ViewController.h */,
				C40BAE6F22E6E5E500885A9D /* ViewController.m */,
				C40BAE7422E6E5E600885A9D /* Assets.xcassets */,
				C40BAE7622E6E5E600885A9D /* LaunchScreen.storyboard */,
				C40BAE7122E6E5E500885A9D /* Main.storyboard */,
				C40BAE7922E6E5E600885A9D /* Info.plist */,
				C40BAE7A22E6E5E600885A9D /* main.m */,
			);
			path = DynamicOC;
			sourceTree = "<group>";
		};
		C40BAE8322E6E5E600885A9D /* DynamicOCUITests */ = {
			isa = PBXGroup;
			children = (
				C40BB1B022E6E6EE00885A9D /* CallCFunctionTest.m */,
				C40BB1B222E6EAC200885A9D /* CallOCFunctionTest.m */,
				C40BB1B422E6EB6400885A9D /* OCIfControlTest.m */,
				C40BB1B622E711E900885A9D /* OCWhileControlTest.m */,
				E289986922E73D6C00811B14 /* OCForControlTest.m */,
				E289986B22E741D000811B14 /* ArithmeticTest.m */,
				E289986D22E745A300811B14 /* UnaryOperationTest.m */,
				C40BB1B822E7F18F00885A9D /* OCPropertyTest.m */,
				C4D51D3622EB072C009FEAEA /* OCBlockTest.m */,
				E2A257CC22EA7B1B002CE431 /* OCContainerTest.m */,
				C40BAE8622E6E5E600885A9D /* Info.plist */,
			);
			path = DynamicOCUITests;
			sourceTree = "<group>";
		};
		C40BAFD922E6E62C00885A9D /* Class */ = {
			isa = PBXGroup;
			children = (
				E266C65A22ED47AA00E3CB78 /* OCBlockWrapper.h */,
				E266C65B22ED47AA00E3CB78 /* OCBlockWrapper.m */,
				C40BAFE722E6E62C00885A9D /* ASTHeader.h */,
				C40BAFE222E6E62C00885A9D /* ASTVariable.h */,
				C40BAFE422E6E62C00885A9D /* ASTVariable.m */,
				C40BAFE522E6E62C00885A9D /* ASTCallMethod.h */,
				C40BAFE322E6E62C00885A9D /* ASTCallMethod.m */,
				C40BAFDF22E6E62C00885A9D /* ASTUtil.h */,
				C40BAFDA22E6E62C00885A9D /* ASTUtil.m */,
				C40BAFDB22E6E62C00885A9D /* ASTContext.h */,
				C40BAFDE22E6E62C00885A9D /* ASTContext.m */,
				C40BAFDC22E6E62C00885A9D /* ASTNode.h */,
				C40BAFE022E6E62C00885A9D /* ASTNode.m */,
				C40BAFE622E6E62C00885A9D /* ASTPropertyNode.h */,
				C40BAFDD22E6E62C00885A9D /* ASTPropertyNode.m */,
				C40BB1C022E8048D00885A9D /* ASTMethodNode.h */,
				C40BB1C122E8048D00885A9D /* ASTMethodNode.m */,
				E266C65222EC518500E3CB78 /* ASTBlockNode.h */,
				E266C65322EC518500E3CB78 /* ASTBlockNode.m */,
				E266C65622EC5A3600E3CB78 /* ASTType.h */,
				E266C65722EC5A3600E3CB78 /* ASTType.m */,
				C4FD4B0822EE94810071652D /* DynamicOC.h */,
				C4FD4B0922EE94810071652D /* DynamicOC.m */,
			);
			path = Class;
			sourceTree = "<group>";
		};
		C40BAFF422E6E63C00885A9D /* Vendor */ = {
			isa = PBXGroup;
			children = (
				C4FD4B0F22EFEE3C0071652D /* Aspects */,
				C4FD4B1022EFEE6E0071652D /* OCEval */,
			);
			path = Vendor;
			sourceTree = "<group>";
		};
		C40BB0CD22E6E63D00885A9D /* libffi */ = {
			isa = PBXGroup;
			children = (
				C40BB0CE22E6E63D00885A9D /* ffitarget_arm64.h */,
				C40BB0CF22E6E63D00885A9D /* ffitarget.h */,
				C40BB0D022E6E63D00885A9D /* ffi_arm.h */,
				C40BB0D122E6E63D00885A9D /* ffi_i386.h */,
				C40BB0D222E6E63D00885A9D /* ffitarget_x86_64.h */,
				C40BB0D322E6E63D00885A9D /* ffi_x86_64.h */,
				C40BB0D422E6E63D00885A9D /* ffitarget_arm.h */,
				C40BB0D522E6E63D00885A9D /* ffitarget_i386.h */,
				C40BB0D622E6E63D00885A9D /* libffi.a */,
				C40BB0D722E6E63D00885A9D /* ffi.h */,
				C40BB0D822E6E63D00885A9D /* ffi_arm64.h */,
			);
			path = libffi;
			sourceTree = "<group>";
		};
		C40BB1A322E6E64700885A9D /* Parser */ = {
			isa = PBXGroup;
			children = (
				C40BB1A522E6E64700885A9D /* parser.ym */,
				C40BB1A722E6E64700885A9D /* tokenizer.lm */,
			);
			path = Parser;
			sourceTree = "<group>";
		};
		C4FD4B0F22EFEE3C0071652D /* Aspects */ = {
			isa = PBXGroup;
			children = (
				C40BB0C722E6E63D00885A9D /* Aspects.h */,
				C40BB0CB22E6E63D00885A9D /* Aspects.m */,
			);
			path = Aspects;
			sourceTree = "<group>";
		};
		C4FD4B1022EFEE6E0071652D /* OCEval */ = {
			isa = PBXGroup;
			children = (
				C40BAFF622E6E63C00885A9D /* OCMethodSignature.h */,
				C40BAFF922E6E63C00885A9D /* OCMethodSignature.m */,
				C4FD4B0B22EECCA90071652D /* OCExtension.h */,
				C4FD4B0C22EECCAA0071652D /* OCExtension.m */,
				C40BB0C622E6E63D00885A9D /* OCCfuntionHelper.h */,
				C40BB0CC22E6E63D00885A9D /* OCCfuntionHelper.m */,
				C40BB0C922E6E63D00885A9D /* NSValue+struct.h */,
				C40BB0C422E6E63D00885A9D /* NSValue+struct.m */,
				C40BB0C322E6E63D00885A9D /* OCCFuntionWrapper.h */,
				C40BB0CA22E6E63D00885A9D /* OCCFuntionWrapper.m */,
				C40BB0CD22E6E63D00885A9D /* libffi */,
			);
			path = OCEval;
			sourceTree = "<group>";
		};
		C4FD4B1122EFEED90071652D /* Frameworks */ = {
			isa = PBXGroup;
			children = (
			);
			name = Frameworks;
			sourceTree = "<group>";
		};
/* End PBXGroup section */

/* Begin PBXNativeTarget section */
		C40BAE6722E6E5E500885A9D /* DynamicOC */ = {
			isa = PBXNativeTarget;
			buildConfigurationList = C40BAE8922E6E5E600885A9D /* Build configuration list for PBXNativeTarget "DynamicOC" */;
			buildPhases = (
				C40BAE6422E6E5E500885A9D /* Sources */,
				C40BAE6522E6E5E500885A9D /* Frameworks */,
				C40BAE6622E6E5E500885A9D /* Resources */,
			);
			buildRules = (
			);
			dependencies = (
			);
			name = DynamicOC;
			productName = DynamicOC;
			productReference = C40BAE6822E6E5E500885A9D /* DynamicOC.app */;
			productType = "com.apple.product-type.application";
		};
		C40BAE7F22E6E5E600885A9D /* DynamicOCUITests */ = {
			isa = PBXNativeTarget;
			buildConfigurationList = C40BAE8C22E6E5E600885A9D /* Build configuration list for PBXNativeTarget "DynamicOCUITests" */;
			buildPhases = (
				C40BAE7C22E6E5E600885A9D /* Sources */,
				C40BAE7D22E6E5E600885A9D /* Frameworks */,
				C40BAE7E22E6E5E600885A9D /* Resources */,
			);
			buildRules = (
			);
			dependencies = (
				C40BAE8222E6E5E600885A9D /* PBXTargetDependency */,
			);
			name = DynamicOCUITests;
			productName = DynamicOCUITests;
			productReference = C40BAE8022E6E5E600885A9D /* DynamicOCUITests.xctest */;
			productType = "com.apple.product-type.bundle.ui-testing";
		};
/* End PBXNativeTarget section */

/* Begin PBXProject section */
		C40BAE6022E6E5E500885A9D /* Project object */ = {
			isa = PBXProject;
			attributes = {
				LastUpgradeCheck = 1010;
				ORGANIZATIONNAME = dKingbin;
				TargetAttributes = {
					C40BAE6722E6E5E500885A9D = {
						CreatedOnToolsVersion = 10.1;
					};
					C40BAE7F22E6E5E600885A9D = {
						CreatedOnToolsVersion = 10.1;
						TestTargetID = C40BAE6722E6E5E500885A9D;
					};
				};
			};
			buildConfigurationList = C40BAE6322E6E5E500885A9D /* Build configuration list for PBXProject "DynamicOC" */;
			compatibilityVersion = "Xcode 9.3";
			developmentRegion = en;
			hasScannedForEncodings = 0;
			knownRegions = (
				en,
				Base,
			);
			mainGroup = C40BAE5F22E6E5E500885A9D;
			productRefGroup = C40BAE6922E6E5E500885A9D /* Products */;
			projectDirPath = "";
			projectRoot = "";
			targets = (
				C40BAE6722E6E5E500885A9D /* DynamicOC */,
				C40BAE7F22E6E5E600885A9D /* DynamicOCUITests */,
			);
		};
/* End PBXProject section */

/* Begin PBXResourcesBuildPhase section */
		C40BAE6622E6E5E500885A9D /* Resources */ = {
			isa = PBXResourcesBuildPhase;
			buildActionMask = 2147483647;
			files = (
				C40BAE7822E6E5E600885A9D /* LaunchScreen.storyboard in Resources */,
				C40BAE7522E6E5E600885A9D /* Assets.xcassets in Resources */,
				C40BAE7322E6E5E500885A9D /* Main.storyboard in Resources */,
			);
			runOnlyForDeploymentPostprocessing = 0;
		};
		C40BAE7E22E6E5E600885A9D /* Resources */ = {
			isa = PBXResourcesBuildPhase;
			buildActionMask = 2147483647;
			files = (
			);
			runOnlyForDeploymentPostprocessing = 0;
		};
/* End PBXResourcesBuildPhase section */

/* Begin PBXSourcesBuildPhase section */
		C40BAE6422E6E5E500885A9D /* Sources */ = {
			isa = PBXSourcesBuildPhase;
			buildActionMask = 2147483647;
			files = (
				C40BB1AA22E6E64700885A9D /* parser.ym in Sources */,
				C40BAFE822E6E62C00885A9D /* ASTUtil.m in Sources */,
				C40BB1C222E8048D00885A9D /* ASTMethodNode.m in Sources */,
				C40BB19D22E6E63D00885A9D /* Aspects.m in Sources */,
				C40BB0DB22E6E63D00885A9D /* OCMethodSignature.m in Sources */,
				C4FD4B0D22EECCAA0071652D /* OCExtension.m in Sources */,
				C40BAE7022E6E5E500885A9D /* ViewController.m in Sources */,
				E266C65422EC518500E3CB78 /* ASTBlockNode.m in Sources */,
				C40BB1AE22E6E64700885A9D /* tokenizer.lm in Sources */,
				C40BB19722E6E63D00885A9D /* NSValue+struct.m in Sources */,
				C40BAFEC22E6E62C00885A9D /* ASTContext.m in Sources */,
				C40BAE7B22E6E5E600885A9D /* main.m in Sources */,
				C40BAFEE22E6E62C00885A9D /* ASTNode.m in Sources */,
				C40BB19B22E6E63D00885A9D /* OCCFuntionWrapper.m in Sources */,
				C4FD4B0A22EE94810071652D /* DynamicOC.m in Sources */,
				C40BAE6D22E6E5E500885A9D /* AppDelegate.m in Sources */,
				E266C65822EC5A3600E3CB78 /* ASTType.m in Sources */,
				C40BAFF222E6E62C00885A9D /* ASTVariable.m in Sources */,
				C40BB19F22E6E63D00885A9D /* OCCfuntionHelper.m in Sources */,
				E266C65C22ED47AA00E3CB78 /* OCBlockWrapper.m in Sources */,
				C40BAFEA22E6E62C00885A9D /* ASTPropertyNode.m in Sources */,
				C40BAFF022E6E62C00885A9D /* ASTCallMethod.m in Sources */,
			);
			runOnlyForDeploymentPostprocessing = 0;
		};
		C40BAE7C22E6E5E600885A9D /* Sources */ = {
			isa = PBXSourcesBuildPhase;
			buildActionMask = 2147483647;
			files = (
				C40BAFF322E6E62C00885A9D /* ASTVariable.m in Sources */,
				C40BB1B122E6E6EE00885A9D /* CallCFunctionTest.m in Sources */,
				E289986A22E73D6C00811B14 /* OCForControlTest.m in Sources */,
				C40BB1B722E711E900885A9D /* OCWhileControlTest.m in Sources */,
				C40BB19822E6E63D00885A9D /* NSValue+struct.m in Sources */,
				C40BB1A022E6E63D00885A9D /* OCCfuntionHelper.m in Sources */,
				E266C65522EC518500E3CB78 /* ASTBlockNode.m in Sources */,
				C4FD4B0E22EECCAA0071652D /* OCExtension.m in Sources */,
				C40BAFEF22E6E62C00885A9D /* ASTNode.m in Sources */,
				C40BB1AF22E6E64700885A9D /* tokenizer.lm in Sources */,
				E289986E22E745A300811B14 /* UnaryOperationTest.m in Sources */,
				C40BB1AB22E6E64700885A9D /* parser.ym in Sources */,
				C40BB1B922E7F18F00885A9D /* OCPropertyTest.m in Sources */,
				E289986C22E741D000811B14 /* ArithmeticTest.m in Sources */,
				C40BB1B522E6EB6400885A9D /* OCIfControlTest.m in Sources */,
				C40BB19C22E6E63D00885A9D /* OCCFuntionWrapper.m in Sources */,
				C40BAFED22E6E62C00885A9D /* ASTContext.m in Sources */,
				E2A257CD22EA7B1B002CE431 /* OCContainerTest.m in Sources */,
				C40BAFEB22E6E62C00885A9D /* ASTPropertyNode.m in Sources */,
				C4D51D3722EB072C009FEAEA /* OCBlockTest.m in Sources */,
				C40BB19E22E6E63D00885A9D /* Aspects.m in Sources */,
				C40BAFE922E6E62C00885A9D /* ASTUtil.m in Sources */,
				C40BB1C322E8048D00885A9D /* ASTMethodNode.m in Sources */,
				C40BB1B322E6EAC200885A9D /* CallOCFunctionTest.m in Sources */,
				C40BAFF122E6E62C00885A9D /* ASTCallMethod.m in Sources */,
				E266C65D22ED47AA00E3CB78 /* OCBlockWrapper.m in Sources */,
				E266C65922EC5A3600E3CB78 /* ASTType.m in Sources */,
				C40BB0DC22E6E63D00885A9D /* OCMethodSignature.m in Sources */,
			);
			runOnlyForDeploymentPostprocessing = 0;
		};
/* End PBXSourcesBuildPhase section */

/* Begin PBXTargetDependency section */
		C40BAE8222E6E5E600885A9D /* PBXTargetDependency */ = {
			isa = PBXTargetDependency;
			target = C40BAE6722E6E5E500885A9D /* DynamicOC */;
			targetProxy = C40BAE8122E6E5E600885A9D /* PBXContainerItemProxy */;
		};
/* End PBXTargetDependency section */

/* Begin PBXVariantGroup section */
		C40BAE7122E6E5E500885A9D /* Main.storyboard */ = {
			isa = PBXVariantGroup;
			children = (
				C40BAE7222E6E5E500885A9D /* Base */,
			);
			name = Main.storyboard;
			sourceTree = "<group>";
		};
		C40BAE7622E6E5E600885A9D /* LaunchScreen.storyboard */ = {
			isa = PBXVariantGroup;
			children = (
				C40BAE7722E6E5E600885A9D /* Base */,
			);
			name = LaunchScreen.storyboard;
			sourceTree = "<group>";
		};
/* End PBXVariantGroup section */

/* Begin XCBuildConfiguration section */
		C40BAE8722E6E5E600885A9D /* Debug */ = {
			isa = XCBuildConfiguration;
			buildSettings = {
				ALWAYS_SEARCH_USER_PATHS = NO;
				CLANG_ANALYZER_NONNULL = YES;
				CLANG_ANALYZER_NUMBER_OBJECT_CONVERSION = YES_AGGRESSIVE;
				CLANG_CXX_LANGUAGE_STANDARD = "gnu++14";
				CLANG_CXX_LIBRARY = "libc++";
				CLANG_ENABLE_MODULES = YES;
				CLANG_ENABLE_OBJC_ARC = YES;
				CLANG_ENABLE_OBJC_WEAK = YES;
				CLANG_WARN_BLOCK_CAPTURE_AUTORELEASING = YES;
				CLANG_WARN_BOOL_CONVERSION = YES;
				CLANG_WARN_COMMA = YES;
				CLANG_WARN_CONSTANT_CONVERSION = YES;
				CLANG_WARN_DEPRECATED_OBJC_IMPLEMENTATIONS = YES;
				CLANG_WARN_DIRECT_OBJC_ISA_USAGE = YES_ERROR;
				CLANG_WARN_DOCUMENTATION_COMMENTS = YES;
				CLANG_WARN_EMPTY_BODY = YES;
				CLANG_WARN_ENUM_CONVERSION = YES;
				CLANG_WARN_INFINITE_RECURSION = YES;
				CLANG_WARN_INT_CONVERSION = YES;
				CLANG_WARN_NON_LITERAL_NULL_CONVERSION = YES;
				CLANG_WARN_OBJC_IMPLICIT_RETAIN_SELF = YES;
				CLANG_WARN_OBJC_LITERAL_CONVERSION = YES;
				CLANG_WARN_OBJC_ROOT_CLASS = YES_ERROR;
				CLANG_WARN_RANGE_LOOP_ANALYSIS = YES;
				CLANG_WARN_STRICT_PROTOTYPES = YES;
				CLANG_WARN_SUSPICIOUS_MOVE = YES;
				CLANG_WARN_UNGUARDED_AVAILABILITY = YES_AGGRESSIVE;
				CLANG_WARN_UNREACHABLE_CODE = YES;
				CLANG_WARN__DUPLICATE_METHOD_MATCH = YES;
				CODE_SIGN_IDENTITY = "iPhone Developer";
				COPY_PHASE_STRIP = NO;
				DEBUG_INFORMATION_FORMAT = dwarf;
				ENABLE_STRICT_OBJC_MSGSEND = YES;
				ENABLE_TESTABILITY = YES;
				GCC_C_LANGUAGE_STANDARD = gnu11;
				GCC_DYNAMIC_NO_PIC = NO;
				GCC_NO_COMMON_BLOCKS = YES;
				GCC_OPTIMIZATION_LEVEL = 0;
				GCC_PREPROCESSOR_DEFINITIONS = (
					"DEBUG=1",
					"$(inherited)",
				);
				GCC_WARN_64_TO_32_BIT_CONVERSION = YES;
				GCC_WARN_ABOUT_RETURN_TYPE = YES_ERROR;
				GCC_WARN_UNDECLARED_SELECTOR = YES;
				GCC_WARN_UNINITIALIZED_AUTOS = YES_AGGRESSIVE;
				GCC_WARN_UNUSED_FUNCTION = YES;
				GCC_WARN_UNUSED_VARIABLE = YES;
				IPHONEOS_DEPLOYMENT_TARGET = 12.1;
				MTL_ENABLE_DEBUG_INFO = INCLUDE_SOURCE;
				MTL_FAST_MATH = YES;
				ONLY_ACTIVE_ARCH = YES;
				SDKROOT = iphoneos;
			};
			name = Debug;
		};
		C40BAE8822E6E5E600885A9D /* Release */ = {
			isa = XCBuildConfiguration;
			buildSettings = {
				ALWAYS_SEARCH_USER_PATHS = NO;
				CLANG_ANALYZER_NONNULL = YES;
				CLANG_ANALYZER_NUMBER_OBJECT_CONVERSION = YES_AGGRESSIVE;
				CLANG_CXX_LANGUAGE_STANDARD = "gnu++14";
				CLANG_CXX_LIBRARY = "libc++";
				CLANG_ENABLE_MODULES = YES;
				CLANG_ENABLE_OBJC_ARC = YES;
				CLANG_ENABLE_OBJC_WEAK = YES;
				CLANG_WARN_BLOCK_CAPTURE_AUTORELEASING = YES;
				CLANG_WARN_BOOL_CONVERSION = YES;
				CLANG_WARN_COMMA = YES;
				CLANG_WARN_CONSTANT_CONVERSION = YES;
				CLANG_WARN_DEPRECATED_OBJC_IMPLEMENTATIONS = YES;
				CLANG_WARN_DIRECT_OBJC_ISA_USAGE = YES_ERROR;
				CLANG_WARN_DOCUMENTATION_COMMENTS = YES;
				CLANG_WARN_EMPTY_BODY = YES;
				CLANG_WARN_ENUM_CONVERSION = YES;
				CLANG_WARN_INFINITE_RECURSION = YES;
				CLANG_WARN_INT_CONVERSION = YES;
				CLANG_WARN_NON_LITERAL_NULL_CONVERSION = YES;
				CLANG_WARN_OBJC_IMPLICIT_RETAIN_SELF = YES;
				CLANG_WARN_OBJC_LITERAL_CONVERSION = YES;
				CLANG_WARN_OBJC_ROOT_CLASS = YES_ERROR;
				CLANG_WARN_RANGE_LOOP_ANALYSIS = YES;
				CLANG_WARN_STRICT_PROTOTYPES = YES;
				CLANG_WARN_SUSPICIOUS_MOVE = YES;
				CLANG_WARN_UNGUARDED_AVAILABILITY = YES_AGGRESSIVE;
				CLANG_WARN_UNREACHABLE_CODE = YES;
				CLANG_WARN__DUPLICATE_METHOD_MATCH = YES;
				CODE_SIGN_IDENTITY = "iPhone Developer";
				COPY_PHASE_STRIP = NO;
				DEBUG_INFORMATION_FORMAT = "dwarf-with-dsym";
				ENABLE_NS_ASSERTIONS = NO;
				ENABLE_STRICT_OBJC_MSGSEND = YES;
				GCC_C_LANGUAGE_STANDARD = gnu11;
				GCC_NO_COMMON_BLOCKS = YES;
				GCC_WARN_64_TO_32_BIT_CONVERSION = YES;
				GCC_WARN_ABOUT_RETURN_TYPE = YES_ERROR;
				GCC_WARN_UNDECLARED_SELECTOR = YES;
				GCC_WARN_UNINITIALIZED_AUTOS = YES_AGGRESSIVE;
				GCC_WARN_UNUSED_FUNCTION = YES;
				GCC_WARN_UNUSED_VARIABLE = YES;
				IPHONEOS_DEPLOYMENT_TARGET = 12.1;
				MTL_ENABLE_DEBUG_INFO = NO;
				MTL_FAST_MATH = YES;
				SDKROOT = iphoneos;
				VALIDATE_PRODUCT = YES;
			};
			name = Release;
		};
		C40BAE8A22E6E5E600885A9D /* Debug */ = {
			isa = XCBuildConfiguration;
			buildSettings = {
				ASSETCATALOG_COMPILER_APPICON_NAME = AppIcon;
				CODE_SIGN_STYLE = Automatic;
				DEVELOPMENT_TEAM = R9M596KX5K;
				INFOPLIST_FILE = DynamicOC/Info.plist;
				LD_RUNPATH_SEARCH_PATHS = (
					"$(inherited)",
					"@executable_path/Frameworks",
				);
				LIBRARY_SEARCH_PATHS = (
					"$(inherited)",
					"$(PROJECT_DIR)/DynamicOC/Vendor/helper/libffi",
					"$(PROJECT_DIR)/DynamicOC/Vendor/OCEval/libffi",
				);
				PRODUCT_BUNDLE_IDENTIFIER = com.dKingbin.DynamicOC;
				PRODUCT_NAME = "$(TARGET_NAME)";
				TARGETED_DEVICE_FAMILY = "1,2";
			};
			name = Debug;
		};
		C40BAE8B22E6E5E600885A9D /* Release */ = {
			isa = XCBuildConfiguration;
			buildSettings = {
				ASSETCATALOG_COMPILER_APPICON_NAME = AppIcon;
				CODE_SIGN_STYLE = Automatic;
				DEVELOPMENT_TEAM = R9M596KX5K;
				INFOPLIST_FILE = DynamicOC/Info.plist;
				LD_RUNPATH_SEARCH_PATHS = (
					"$(inherited)",
					"@executable_path/Frameworks",
				);
				LIBRARY_SEARCH_PATHS = (
					"$(inherited)",
					"$(PROJECT_DIR)/DynamicOC/Vendor/helper/libffi",
					"$(PROJECT_DIR)/DynamicOC/Vendor/OCEval/libffi",
				);
				PRODUCT_BUNDLE_IDENTIFIER = com.dKingbin.DynamicOC;
				PRODUCT_NAME = "$(TARGET_NAME)";
				TARGETED_DEVICE_FAMILY = "1,2";
			};
			name = Release;
		};
		C40BAE8D22E6E5E600885A9D /* Debug */ = {
			isa = XCBuildConfiguration;
			buildSettings = {
				CODE_SIGN_STYLE = Automatic;
				DEVELOPMENT_TEAM = R9M596KX5K;
				INFOPLIST_FILE = DynamicOCUITests/Info.plist;
				LD_RUNPATH_SEARCH_PATHS = (
					"$(inherited)",
					"@executable_path/Frameworks",
					"@loader_path/Frameworks",
				);
				LIBRARY_SEARCH_PATHS = (
					"$(inherited)",
					"$(PROJECT_DIR)/DynamicOC/Vendor/helper/libffi",
					"$(PROJECT_DIR)/DynamicOC/Vendor/OCEval/libffi",
				);
				PRODUCT_BUNDLE_IDENTIFIER = com.dKingbin.DynamicOCUITests;
				PRODUCT_NAME = "$(TARGET_NAME)";
				TARGETED_DEVICE_FAMILY = "1,2";
				TEST_TARGET_NAME = DynamicOC;
			};
			name = Debug;
		};
		C40BAE8E22E6E5E600885A9D /* Release */ = {
			isa = XCBuildConfiguration;
			buildSettings = {
				CODE_SIGN_STYLE = Automatic;
				DEVELOPMENT_TEAM = R9M596KX5K;
				INFOPLIST_FILE = DynamicOCUITests/Info.plist;
				LD_RUNPATH_SEARCH_PATHS = (
					"$(inherited)",
					"@executable_path/Frameworks",
					"@loader_path/Frameworks",
				);
				LIBRARY_SEARCH_PATHS = (
					"$(inherited)",
					"$(PROJECT_DIR)/DynamicOC/Vendor/helper/libffi",
					"$(PROJECT_DIR)/DynamicOC/Vendor/OCEval/libffi",
				);
				PRODUCT_BUNDLE_IDENTIFIER = com.dKingbin.DynamicOCUITests;
				PRODUCT_NAME = "$(TARGET_NAME)";
				TARGETED_DEVICE_FAMILY = "1,2";
				TEST_TARGET_NAME = DynamicOC;
			};
			name = Release;
		};
/* End XCBuildConfiguration section */

/* Begin XCConfigurationList section */
		C40BAE6322E6E5E500885A9D /* Build configuration list for PBXProject "DynamicOC" */ = {
			isa = XCConfigurationList;
			buildConfigurations = (
				C40BAE8722E6E5E600885A9D /* Debug */,
				C40BAE8822E6E5E600885A9D /* Release */,
			);
			defaultConfigurationIsVisible = 0;
			defaultConfigurationName = Release;
		};
		C40BAE8922E6E5E600885A9D /* Build configuration list for PBXNativeTarget "DynamicOC" */ = {
			isa = XCConfigurationList;
			buildConfigurations = (
				C40BAE8A22E6E5E600885A9D /* Debug */,
				C40BAE8B22E6E5E600885A9D /* Release */,
			);
			defaultConfigurationIsVisible = 0;
			defaultConfigurationName = Release;
		};
		C40BAE8C22E6E5E600885A9D /* Build configuration list for PBXNativeTarget "DynamicOCUITests" */ = {
			isa = XCConfigurationList;
			buildConfigurations = (
				C40BAE8D22E6E5E600885A9D /* Debug */,
				C40BAE8E22E6E5E600885A9D /* Release */,
			);
			defaultConfigurationIsVisible = 0;
			defaultConfigurationName = Release;
		};
/* End XCConfigurationList section */
	};
	rootObject = C40BAE6022E6E5E500885A9D /* Project object */;
}
